
Microsoft Visual Studio Solution File, Format Version 12.00
# Visual Studio Version 17
VisualStudioVersion = 17.8.34330.188
MinimumVisualStudioVersion = 10.0.40219.1
Project("{FAE04EC0-301F-11D3-BF4B-00C04F79EFBC}") = "EPR.Accreditation.Portal", "EPR.Accreditation.Portal\EPR.Accreditation.Portal.csproj", "{8BF599C8-643A-477C-A4ED-4BB3AB65F81E}"
EndProject
Global
	GlobalSection(SolutionConfigurationPlatforms) = preSolution
		Debug|Any CPU = Debug|Any CPU
		Release|Any CPU = Release|Any CPU
	EndGlobalSection
	GlobalSection(ProjectConfigurationPlatforms) = postSolution
		{8BF599C8-643A-477C-A4ED-4BB3AB65F81E}.Debug|Any CPU.ActiveCfg = Debug|Any CPU
		{8BF599C8-643A-477C-A4ED-4BB3AB65F81E}.Debug|Any CPU.Build.0 = Debug|Any CPU
		{8BF599C8-643A-477C-A4ED-4BB3AB65F81E}.Release|Any CPU.ActiveCfg = Release|Any CPU
		{8BF599C8-643A-477C-A4ED-4BB3AB65F81E}.Release|Any CPU.Build.0 = Release|Any CPU
	EndGlobalSection
	GlobalSection(SolutionProperties) = preSolution
		HideSolutionNode = FALSE
	EndGlobalSection
	GlobalSection(ExtensibilityGlobals) = postSolution
		SolutionGuid = {FE9646CF-CF06-4154-B88F-6330399099E1}
	EndGlobalSection
EndGlobal
